
Microsoft Visual Studio Solution File, Format Version 12.00
# Visual Studio Version 17
VisualStudioVersion = 17.5.002.0
MinimumVisualStudioVersion = 10.0.40219.1
Project("{9A19103F-16F7-4668-BE54-9A1E7A4F7556}") = "PlayWrightScreenCaptureTest", "PlayWrightScreenCaptureTest\PlayWrightScreenCaptureTest.csproj", "{AA501584-F2B4-4BCE-8279-6D62E46D4D41}"
EndProject
Global
	GlobalSection(SolutionConfigurationPlatforms) = preSolution
		Debug|Any CPU = Debug|Any CPU
		Release|Any CPU = Release|Any CPU
	EndGlobalSection
	GlobalSection(ProjectConfigurationPlatforms) = postSolution
		{AA501584-F2B4-4BCE-8279-6D62E46D4D41}.Debug|Any CPU.ActiveCfg = Debug|Any CPU
		{AA501584-F2B4-4BCE-8279-6D62E46D4D41}.Debug|Any CPU.Build.0 = Debug|Any CPU
		{AA501584-F2B4-4BCE-8279-6D62E46D4D41}.Release|Any CPU.ActiveCfg = Release|Any CPU
		{AA501584-F2B4-4BCE-8279-6D62E46D4D41}.Release|Any CPU.Build.0 = Release|Any CPU
	EndGlobalSection
	GlobalSection(SolutionProperties) = preSolution
		HideSolutionNode = FALSE
	EndGlobalSection
	GlobalSection(ExtensibilityGlobals) = postSolution
		SolutionGuid = {B3426E43-6F91-479C-9B8F-41763B8CAA72}
	EndGlobalSection
EndGlobal
